
Microsoft Visual Studio Solution File, Format Version 12.00
# Visual Studio Version 16
VisualStudioVersion = 16.0.30804.86
MinimumVisualStudioVersion = 10.0.40219.1
Project("{FAE04EC0-301F-11D3-BF4B-00C04F79EFBC}") = "DataAccessLayer", "DataAccessLayer\DataAccessLayer.csproj", "{B6D6F3F3-76FA-475D-910E-CF360183D057}"
EndProject
Project("{FAE04EC0-301F-11D3-BF4B-00C04F79EFBC}") = "BusinessLayer", "BusinessLayer\BusinessLayer.csproj", "{F3C4FCC4-44C4-4C70-BD78-B3B82115999B}"
EndProject
Project("{2150E333-8FDC-42A3-9474-1A3956D46DE8}") = "Solution Items", "Solution Items", "{C5D8FD96-1EDB-4408-8E9C-135EE8020AC4}"
	ProjectSection(SolutionItems) = preProject
		Quellen.txt = Quellen.txt
		Readme.txt = Readme.txt
	EndProjectSection
EndProject
Project("{FAE04EC0-301F-11D3-BF4B-00C04F79EFBC}") = "WebApp", "WebApp\WebApp.csproj", "{12F679F0-C235-41ED-B036-A6DE7FCE76EA}"
EndProject
Project("{FAE04EC0-301F-11D3-BF4B-00C04F79EFBC}") = "Gen", "Gen\Gen.csproj", "{A44710FF-C11E-4C2D-97DA-348C969BB141}"
EndProject
Project("{FAE04EC0-301F-11D3-BF4B-00C04F79EFBC}") = "OAUTH", "OAUTH\OAUTH.csproj", "{C64F7841-C399-47A5-9D71-A5F756EAAFED}"
EndProject
Project("{FAE04EC0-301F-11D3-BF4B-00C04F79EFBC}") = "Common", "Common\Common.csproj", "{683E750D-F566-4E3B-856A-4F4483A6CA5D}"
EndProject
Project("{FAE04EC0-301F-11D3-BF4B-00C04F79EFBC}") = "WenApiOwin", "WenApiOwin\WenApiOwin.csproj", "{583CC73E-E034-4F9E-A930-F63287EB3B8A}"
EndProject
Project("{FAE04EC0-301F-11D3-BF4B-00C04F79EFBC}") = "Uplift", "Uplift\Uplift.csproj", "{4D08DA62-B571-4B7B-957A-2F8D31EB8C26}"
EndProject
Project("{2150E333-8FDC-42A3-9474-1A3956D46DE8}") = "Uplift_Prokect", "Uplift_Prokect", "{51839432-8D0F-462A-B793-2234F14F311C}"
EndProject
Project("{2150E333-8FDC-42A3-9474-1A3956D46DE8}") = "Old", "Old", "{4A9E6072-D2AF-4516-8AC4-6BC91884DC89}"
EndProject
Global
	GlobalSection(SolutionConfigurationPlatforms) = preSolution
		Debug|Any CPU = Debug|Any CPU
		Release|Any CPU = Release|Any CPU
	EndGlobalSection
	GlobalSection(ProjectConfigurationPlatforms) = postSolution
		{B6D6F3F3-76FA-475D-910E-CF360183D057}.Debug|Any CPU.ActiveCfg = Debug|Any CPU
		{B6D6F3F3-76FA-475D-910E-CF360183D057}.Debug|Any CPU.Build.0 = Debug|Any CPU
		{B6D6F3F3-76FA-475D-910E-CF360183D057}.Release|Any CPU.ActiveCfg = Release|Any CPU
		{B6D6F3F3-76FA-475D-910E-CF360183D057}.Release|Any CPU.Build.0 = Release|Any CPU
		{F3C4FCC4-44C4-4C70-BD78-B3B82115999B}.Debug|Any CPU.ActiveCfg = Debug|Any CPU
		{F3C4FCC4-44C4-4C70-BD78-B3B82115999B}.Debug|Any CPU.Build.0 = Debug|Any CPU
		{F3C4FCC4-44C4-4C70-BD78-B3B82115999B}.Release|Any CPU.ActiveCfg = Release|Any CPU
		{F3C4FCC4-44C4-4C70-BD78-B3B82115999B}.Release|Any CPU.Build.0 = Release|Any CPU
		{12F679F0-C235-41ED-B036-A6DE7FCE76EA}.Debug|Any CPU.ActiveCfg = Debug|Any CPU
		{12F679F0-C235-41ED-B036-A6DE7FCE76EA}.Debug|Any CPU.Build.0 = Debug|Any CPU
		{12F679F0-C235-41ED-B036-A6DE7FCE76EA}.Release|Any CPU.ActiveCfg = Release|Any CPU
		{12F679F0-C235-41ED-B036-A6DE7FCE76EA}.Release|Any CPU.Build.0 = Release|Any CPU
		{A44710FF-C11E-4C2D-97DA-348C969BB141}.Debug|Any CPU.ActiveCfg = Debug|Any CPU
		{A44710FF-C11E-4C2D-97DA-348C969BB141}.Debug|Any CPU.Build.0 = Debug|Any CPU
		{A44710FF-C11E-4C2D-97DA-348C969BB141}.Release|Any CPU.ActiveCfg = Release|Any CPU
		{A44710FF-C11E-4C2D-97DA-348C969BB141}.Release|Any CPU.Build.0 = Release|Any CPU
		{C64F7841-C399-47A5-9D71-A5F756EAAFED}.Debug|Any CPU.ActiveCfg = Debug|Any CPU
		{C64F7841-C399-47A5-9D71-A5F756EAAFED}.Debug|Any CPU.Build.0 = Debug|Any CPU
		{C64F7841-C399-47A5-9D71-A5F756EAAFED}.Release|Any CPU.ActiveCfg = Release|Any CPU
		{C64F7841-C399-47A5-9D71-A5F756EAAFED}.Release|Any CPU.Build.0 = Release|Any CPU
		{683E750D-F566-4E3B-856A-4F4483A6CA5D}.Debug|Any CPU.ActiveCfg = Debug|Any CPU
		{683E750D-F566-4E3B-856A-4F4483A6CA5D}.Debug|Any CPU.Build.0 = Debug|Any CPU
		{683E750D-F566-4E3B-856A-4F4483A6CA5D}.Release|Any CPU.ActiveCfg = Release|Any CPU
		{683E750D-F566-4E3B-856A-4F4483A6CA5D}.Release|Any CPU.Build.0 = Release|Any CPU
		{583CC73E-E034-4F9E-A930-F63287EB3B8A}.Debug|Any CPU.ActiveCfg = Debug|Any CPU
		{583CC73E-E034-4F9E-A930-F63287EB3B8A}.Debug|Any CPU.Build.0 = Debug|Any CPU
		{583CC73E-E034-4F9E-A930-F63287EB3B8A}.Release|Any CPU.ActiveCfg = Release|Any CPU
		{583CC73E-E034-4F9E-A930-F63287EB3B8A}.Release|Any CPU.Build.0 = Release|Any CPU
		{4D08DA62-B571-4B7B-957A-2F8D31EB8C26}.Debug|Any CPU.ActiveCfg = Debug|Any CPU
		{4D08DA62-B571-4B7B-957A-2F8D31EB8C26}.Debug|Any CPU.Build.0 = Debug|Any CPU
		{4D08DA62-B571-4B7B-957A-2F8D31EB8C26}.Release|Any CPU.ActiveCfg = Release|Any CPU
		{4D08DA62-B571-4B7B-957A-2F8D31EB8C26}.Release|Any CPU.Build.0 = Release|Any CPU
	EndGlobalSection
	GlobalSection(SolutionProperties) = preSolution
		HideSolutionNode = FALSE
	EndGlobalSection
	GlobalSection(NestedProjects) = preSolution
		{B6D6F3F3-76FA-475D-910E-CF360183D057} = {4A9E6072-D2AF-4516-8AC4-6BC91884DC89}
		{F3C4FCC4-44C4-4C70-BD78-B3B82115999B} = {4A9E6072-D2AF-4516-8AC4-6BC91884DC89}
		{12F679F0-C235-41ED-B036-A6DE7FCE76EA} = {4A9E6072-D2AF-4516-8AC4-6BC91884DC89}
		{A44710FF-C11E-4C2D-97DA-348C969BB141} = {4A9E6072-D2AF-4516-8AC4-6BC91884DC89}
		{C64F7841-C399-47A5-9D71-A5F756EAAFED} = {4A9E6072-D2AF-4516-8AC4-6BC91884DC89}
		{683E750D-F566-4E3B-856A-4F4483A6CA5D} = {4A9E6072-D2AF-4516-8AC4-6BC91884DC89}
		{583CC73E-E034-4F9E-A930-F63287EB3B8A} = {4A9E6072-D2AF-4516-8AC4-6BC91884DC89}
		{4D08DA62-B571-4B7B-957A-2F8D31EB8C26} = {51839432-8D0F-462A-B793-2234F14F311C}
	EndGlobalSection
	GlobalSection(ExtensibilityGlobals) = postSolution
		SolutionGuid = {9201CCD1-851D-4146-8A6A-FBA2C6225D9B}
	EndGlobalSection
EndGlobal
